
Microsoft Visual Studio Solution File, Format Version 11.00
# Visual Studio 2010
Project("{FAE04EC0-301F-11D3-BF4B-00C04F79EFBC}") = "NBlog", "NBlog\NBlog.csproj", "{329CA254-3C99-4F77-BB7A-1D715F5339C8}"
EndProject
Project("{FAE04EC0-301F-11D3-BF4B-00C04F79EFBC}") = "NBlog.Tests", "NBlog.Tests\NBlog.Tests.csproj", "{026504B6-1335-4EB8-9E3A-2548CB4E917A}"
EndProject
Project("{2150E333-8FDC-42A3-9474-1A3956D46DE8}") = "Tests", "Tests", "{BDAE58CF-66C0-4AFA-8DD4-23AAB5CD6C50}"
EndProject
Project("{FAE04EC0-301F-11D3-BF4B-00C04F79EFBC}") = "TJ.Mvc", "TJ.Mvc\TJ.Mvc.csproj", "{B8F5BAD9-D6C1-4556-BC97-4E5C53999814}"
EndProject
Project("{FAE04EC0-301F-11D3-BF4B-00C04F79EFBC}") = "NBlog.Domain", "NBlog.Domain\NBlog.Domain.csproj", "{D17A3739-526E-4400-8B83-2232494DD5F4}"
EndProject
Project("{FAE04EC0-301F-11D3-BF4B-00C04F79EFBC}") = "NBlog.Domain.Tests", "NBlog.Domain.Tests\NBlog.Domain.Tests.csproj", "{B6C0197B-AE50-42F5-BE37-5FD27F7A49A5}"
EndProject
Project("{FAE04EC0-301F-11D3-BF4B-00C04F79EFBC}") = "NBlog.Views", "NBlog.Views\NBlog.Views.csproj", "{04296F85-1CEF-4842-995B-62B93180CD25}"
EndProject
Project("{FAE04EC0-301F-11D3-BF4B-00C04F79EFBC}") = "NBlog.Views.Tests", "NBlog.Views.Tests\NBlog.Views.Tests.csproj", "{3A77628B-DD01-4A5D-9C29-4010A13E051F}"
EndProject
Project("{FAE04EC0-301F-11D3-BF4B-00C04F79EFBC}") = "NBlog.Domain.Specs", "NBlog.Domain.Specs\NBlog.Domain.Specs.csproj", "{EBFA6F17-C9BA-4CCE-9A7C-E34E3C578873}"
EndProject
Global
	GlobalSection(SolutionConfigurationPlatforms) = preSolution
		Debug|Any CPU = Debug|Any CPU
		Release|Any CPU = Release|Any CPU
	EndGlobalSection
	GlobalSection(ProjectConfigurationPlatforms) = postSolution
		{329CA254-3C99-4F77-BB7A-1D715F5339C8}.Debug|Any CPU.ActiveCfg = Debug|Any CPU
		{329CA254-3C99-4F77-BB7A-1D715F5339C8}.Debug|Any CPU.Build.0 = Debug|Any CPU
		{329CA254-3C99-4F77-BB7A-1D715F5339C8}.Release|Any CPU.ActiveCfg = Release|Any CPU
		{329CA254-3C99-4F77-BB7A-1D715F5339C8}.Release|Any CPU.Build.0 = Release|Any CPU
		{026504B6-1335-4EB8-9E3A-2548CB4E917A}.Debug|Any CPU.ActiveCfg = Debug|Any CPU
		{026504B6-1335-4EB8-9E3A-2548CB4E917A}.Debug|Any CPU.Build.0 = Debug|Any CPU
		{026504B6-1335-4EB8-9E3A-2548CB4E917A}.Release|Any CPU.ActiveCfg = Release|Any CPU
		{026504B6-1335-4EB8-9E3A-2548CB4E917A}.Release|Any CPU.Build.0 = Release|Any CPU
		{B8F5BAD9-D6C1-4556-BC97-4E5C53999814}.Debug|Any CPU.ActiveCfg = Debug|Any CPU
		{B8F5BAD9-D6C1-4556-BC97-4E5C53999814}.Debug|Any CPU.Build.0 = Debug|Any CPU
		{B8F5BAD9-D6C1-4556-BC97-4E5C53999814}.Release|Any CPU.ActiveCfg = Release|Any CPU
		{B8F5BAD9-D6C1-4556-BC97-4E5C53999814}.Release|Any CPU.Build.0 = Release|Any CPU
		{D17A3739-526E-4400-8B83-2232494DD5F4}.Debug|Any CPU.ActiveCfg = Debug|Any CPU
		{D17A3739-526E-4400-8B83-2232494DD5F4}.Debug|Any CPU.Build.0 = Debug|Any CPU
		{D17A3739-526E-4400-8B83-2232494DD5F4}.Release|Any CPU.ActiveCfg = Release|Any CPU
		{D17A3739-526E-4400-8B83-2232494DD5F4}.Release|Any CPU.Build.0 = Release|Any CPU
		{B6C0197B-AE50-42F5-BE37-5FD27F7A49A5}.Debug|Any CPU.ActiveCfg = Debug|Any CPU
		{B6C0197B-AE50-42F5-BE37-5FD27F7A49A5}.Debug|Any CPU.Build.0 = Debug|Any CPU
		{B6C0197B-AE50-42F5-BE37-5FD27F7A49A5}.Release|Any CPU.ActiveCfg = Release|Any CPU
		{B6C0197B-AE50-42F5-BE37-5FD27F7A49A5}.Release|Any CPU.Build.0 = Release|Any CPU
		{04296F85-1CEF-4842-995B-62B93180CD25}.Debug|Any CPU.ActiveCfg = Debug|Any CPU
		{04296F85-1CEF-4842-995B-62B93180CD25}.Debug|Any CPU.Build.0 = Debug|Any CPU
		{04296F85-1CEF-4842-995B-62B93180CD25}.Release|Any CPU.ActiveCfg = Release|Any CPU
		{04296F85-1CEF-4842-995B-62B93180CD25}.Release|Any CPU.Build.0 = Release|Any CPU
		{3A77628B-DD01-4A5D-9C29-4010A13E051F}.Debug|Any CPU.ActiveCfg = Debug|Any CPU
		{3A77628B-DD01-4A5D-9C29-4010A13E051F}.Debug|Any CPU.Build.0 = Debug|Any CPU
		{3A77628B-DD01-4A5D-9C29-4010A13E051F}.Release|Any CPU.ActiveCfg = Release|Any CPU
		{3A77628B-DD01-4A5D-9C29-4010A13E051F}.Release|Any CPU.Build.0 = Release|Any CPU
		{EBFA6F17-C9BA-4CCE-9A7C-E34E3C578873}.Debug|Any CPU.ActiveCfg = Debug|Any CPU
		{EBFA6F17-C9BA-4CCE-9A7C-E34E3C578873}.Debug|Any CPU.Build.0 = Debug|Any CPU
		{EBFA6F17-C9BA-4CCE-9A7C-E34E3C578873}.Release|Any CPU.ActiveCfg = Release|Any CPU
		{EBFA6F17-C9BA-4CCE-9A7C-E34E3C578873}.Release|Any CPU.Build.0 = Release|Any CPU
	EndGlobalSection
	GlobalSection(SolutionProperties) = preSolution
		HideSolutionNode = FALSE
	EndGlobalSection
	GlobalSection(NestedProjects) = preSolution
		{026504B6-1335-4EB8-9E3A-2548CB4E917A} = {BDAE58CF-66C0-4AFA-8DD4-23AAB5CD6C50}
		{B6C0197B-AE50-42F5-BE37-5FD27F7A49A5} = {BDAE58CF-66C0-4AFA-8DD4-23AAB5CD6C50}
		{3A77628B-DD01-4A5D-9C29-4010A13E051F} = {BDAE58CF-66C0-4AFA-8DD4-23AAB5CD6C50}
		{EBFA6F17-C9BA-4CCE-9A7C-E34E3C578873} = {BDAE58CF-66C0-4AFA-8DD4-23AAB5CD6C50}
	EndGlobalSection
EndGlobal
