
Microsoft Visual Studio Solution File, Format Version 12.00
# Visual Studio 2012
Project("{2150E333-8FDC-42A3-9474-1A3956D46DE8}") = "Tests", "Tests", "{BDAE58CF-66C0-4AFA-8DD4-23AAB5CD6C50}"
EndProject
Project("{2150E333-8FDC-42A3-9474-1A3956D46DE8}") = ".nuget", ".nuget", "{EE904C1F-A7EE-4E4C-ADBE-0F812387BDA6}"
	ProjectSection(SolutionItems) = preProject
		.nuget\NuGet.exe = .nuget\NuGet.exe
		.nuget\NuGet.targets = .nuget\NuGet.targets
	EndProjectSection
EndProject
Project("{FAE04EC0-301F-11D3-BF4B-00C04F79EFBC}") = "NBlog.Tests", "NBlog.Tests\NBlog.Tests.csproj", "{026504B6-1335-4EB8-9E3A-2548CB4E917A}"
EndProject
Project("{FAE04EC0-301F-11D3-BF4B-00C04F79EFBC}") = "TJ.Mvc", "TJ.Mvc\TJ.Mvc.csproj", "{B8F5BAD9-D6C1-4556-BC97-4E5C53999814}"
EndProject
Project("{FAE04EC0-301F-11D3-BF4B-00C04F79EFBC}") = "NBlog.Domain", "NBlog.Domain\NBlog.Domain.csproj", "{D17A3739-526E-4400-8B83-2232494DD5F4}"
EndProject
Project("{FAE04EC0-301F-11D3-BF4B-00C04F79EFBC}") = "NBlog.Domain.Tests", "NBlog.Domain.Tests\NBlog.Domain.Tests.csproj", "{B6C0197B-AE50-42F5-BE37-5FD27F7A49A5}"
EndProject
Project("{FAE04EC0-301F-11D3-BF4B-00C04F79EFBC}") = "NBlog.Views", "NBlog.Views\NBlog.Views.csproj", "{04296F85-1CEF-4842-995B-62B93180CD25}"
EndProject
Project("{FAE04EC0-301F-11D3-BF4B-00C04F79EFBC}") = "NBlog.Views.Tests", "NBlog.Views.Tests\NBlog.Views.Tests.csproj", "{3A77628B-DD01-4A5D-9C29-4010A13E051F}"
EndProject
Project("{FAE04EC0-301F-11D3-BF4B-00C04F79EFBC}") = "NBlog.Domain.Specs", "NBlog.Domain.Specs\NBlog.Domain.Specs.csproj", "{EBFA6F17-C9BA-4CCE-9A7C-E34E3C578873}"
EndProject
Project("{FAE04EC0-301F-11D3-BF4B-00C04F79EFBC}") = "NBlog.Infrastructure", "NBlog.Infrastructure\NBlog.Infrastructure.csproj", "{16A43959-57CC-4A21-B136-61892D440737}"
EndProject
Project("{FAE04EC0-301F-11D3-BF4B-00C04F79EFBC}") = "NBlog.Web", "NBlog.Web\NBlog.Web.csproj", "{8D09A457-507C-4D9E-BF85-8EE00C7C925D}"
EndProject
Project("{FAE04EC0-301F-11D3-BF4B-00C04F79EFBC}") = "NBlog_old", "NBlog\NBlog_old.csproj", "{25A2C861-49A6-4AE5-A046-5719A52B9EAC}"
EndProject
Global
	GlobalSection(SolutionConfigurationPlatforms) = preSolution
		Debug|Any CPU = Debug|Any CPU
		Release|Any CPU = Release|Any CPU
	EndGlobalSection
	GlobalSection(ProjectConfigurationPlatforms) = postSolution
		{026504B6-1335-4EB8-9E3A-2548CB4E917A}.Debug|Any CPU.ActiveCfg = Debug|Any CPU
		{026504B6-1335-4EB8-9E3A-2548CB4E917A}.Debug|Any CPU.Build.0 = Debug|Any CPU
		{026504B6-1335-4EB8-9E3A-2548CB4E917A}.Release|Any CPU.ActiveCfg = Release|Any CPU
		{026504B6-1335-4EB8-9E3A-2548CB4E917A}.Release|Any CPU.Build.0 = Release|Any CPU
		{B8F5BAD9-D6C1-4556-BC97-4E5C53999814}.Debug|Any CPU.ActiveCfg = Debug|Any CPU
		{B8F5BAD9-D6C1-4556-BC97-4E5C53999814}.Debug|Any CPU.Build.0 = Debug|Any CPU
		{B8F5BAD9-D6C1-4556-BC97-4E5C53999814}.Release|Any CPU.ActiveCfg = Release|Any CPU
		{B8F5BAD9-D6C1-4556-BC97-4E5C53999814}.Release|Any CPU.Build.0 = Release|Any CPU
		{D17A3739-526E-4400-8B83-2232494DD5F4}.Debug|Any CPU.ActiveCfg = Debug|Any CPU
		{D17A3739-526E-4400-8B83-2232494DD5F4}.Debug|Any CPU.Build.0 = Debug|Any CPU
		{D17A3739-526E-4400-8B83-2232494DD5F4}.Release|Any CPU.ActiveCfg = Release|Any CPU
		{D17A3739-526E-4400-8B83-2232494DD5F4}.Release|Any CPU.Build.0 = Release|Any CPU
		{B6C0197B-AE50-42F5-BE37-5FD27F7A49A5}.Debug|Any CPU.ActiveCfg = Debug|Any CPU
		{B6C0197B-AE50-42F5-BE37-5FD27F7A49A5}.Debug|Any CPU.Build.0 = Debug|Any CPU
		{B6C0197B-AE50-42F5-BE37-5FD27F7A49A5}.Release|Any CPU.ActiveCfg = Release|Any CPU
		{B6C0197B-AE50-42F5-BE37-5FD27F7A49A5}.Release|Any CPU.Build.0 = Release|Any CPU
		{04296F85-1CEF-4842-995B-62B93180CD25}.Debug|Any CPU.ActiveCfg = Debug|Any CPU
		{04296F85-1CEF-4842-995B-62B93180CD25}.Debug|Any CPU.Build.0 = Debug|Any CPU
		{04296F85-1CEF-4842-995B-62B93180CD25}.Release|Any CPU.ActiveCfg = Release|Any CPU
		{04296F85-1CEF-4842-995B-62B93180CD25}.Release|Any CPU.Build.0 = Release|Any CPU
		{3A77628B-DD01-4A5D-9C29-4010A13E051F}.Debug|Any CPU.ActiveCfg = Debug|Any CPU
		{3A77628B-DD01-4A5D-9C29-4010A13E051F}.Debug|Any CPU.Build.0 = Debug|Any CPU
		{3A77628B-DD01-4A5D-9C29-4010A13E051F}.Release|Any CPU.ActiveCfg = Release|Any CPU
		{3A77628B-DD01-4A5D-9C29-4010A13E051F}.Release|Any CPU.Build.0 = Release|Any CPU
		{EBFA6F17-C9BA-4CCE-9A7C-E34E3C578873}.Debug|Any CPU.ActiveCfg = Debug|Any CPU
		{EBFA6F17-C9BA-4CCE-9A7C-E34E3C578873}.Debug|Any CPU.Build.0 = Debug|Any CPU
		{EBFA6F17-C9BA-4CCE-9A7C-E34E3C578873}.Release|Any CPU.ActiveCfg = Release|Any CPU
		{EBFA6F17-C9BA-4CCE-9A7C-E34E3C578873}.Release|Any CPU.Build.0 = Release|Any CPU
		{16A43959-57CC-4A21-B136-61892D440737}.Debug|Any CPU.ActiveCfg = Debug|Any CPU
		{16A43959-57CC-4A21-B136-61892D440737}.Debug|Any CPU.Build.0 = Debug|Any CPU
		{16A43959-57CC-4A21-B136-61892D440737}.Release|Any CPU.ActiveCfg = Release|Any CPU
		{16A43959-57CC-4A21-B136-61892D440737}.Release|Any CPU.Build.0 = Release|Any CPU
		{8D09A457-507C-4D9E-BF85-8EE00C7C925D}.Debug|Any CPU.ActiveCfg = Debug|Any CPU
		{8D09A457-507C-4D9E-BF85-8EE00C7C925D}.Debug|Any CPU.Build.0 = Debug|Any CPU
		{8D09A457-507C-4D9E-BF85-8EE00C7C925D}.Release|Any CPU.ActiveCfg = Release|Any CPU
		{8D09A457-507C-4D9E-BF85-8EE00C7C925D}.Release|Any CPU.Build.0 = Release|Any CPU
		{25A2C861-49A6-4AE5-A046-5719A52B9EAC}.Debug|Any CPU.ActiveCfg = Debug|Any CPU
		{25A2C861-49A6-4AE5-A046-5719A52B9EAC}.Debug|Any CPU.Build.0 = Debug|Any CPU
		{25A2C861-49A6-4AE5-A046-5719A52B9EAC}.Release|Any CPU.ActiveCfg = Release|Any CPU
		{25A2C861-49A6-4AE5-A046-5719A52B9EAC}.Release|Any CPU.Build.0 = Release|Any CPU
	EndGlobalSection
	GlobalSection(SolutionProperties) = preSolution
		HideSolutionNode = FALSE
	EndGlobalSection
	GlobalSection(NestedProjects) = preSolution
		{026504B6-1335-4EB8-9E3A-2548CB4E917A} = {BDAE58CF-66C0-4AFA-8DD4-23AAB5CD6C50}
		{B6C0197B-AE50-42F5-BE37-5FD27F7A49A5} = {BDAE58CF-66C0-4AFA-8DD4-23AAB5CD6C50}
		{3A77628B-DD01-4A5D-9C29-4010A13E051F} = {BDAE58CF-66C0-4AFA-8DD4-23AAB5CD6C50}
		{EBFA6F17-C9BA-4CCE-9A7C-E34E3C578873} = {BDAE58CF-66C0-4AFA-8DD4-23AAB5CD6C50}
	EndGlobalSection
EndGlobal
